
Microsoft Visual Studio Solution File, Format Version 12.00
# Visual Studio Version 16
VisualStudioVersion = 16.0.29911.84
MinimumVisualStudioVersion = 10.0.40219.1
Project("{FAE04EC0-301F-11D3-BF4B-00C04F79EFBC}") = "MenuMasterLibrary", "MenuMasterLibrary\MenuMasterLibrary.csproj", "{9DA80B31-0ABA-42BC-9415-F542A833D8BD}"
EndProject
Project("{FAE04EC0-301F-11D3-BF4B-00C04F79EFBC}") = "MenuMasterUI", "MenuMasterUI\MenuMasterUI.csproj", "{7F045634-D62D-497E-9116-0849646E79D5}"
EndProject
Global
	GlobalSection(SolutionConfigurationPlatforms) = preSolution
		Debug|Any CPU = Debug|Any CPU
		Release|Any CPU = Release|Any CPU
	EndGlobalSection
	GlobalSection(ProjectConfigurationPlatforms) = postSolution
		{9DA80B31-0ABA-42BC-9415-F542A833D8BD}.Debug|Any CPU.ActiveCfg = Debug|Any CPU
		{9DA80B31-0ABA-42BC-9415-F542A833D8BD}.Debug|Any CPU.Build.0 = Debug|Any CPU
		{9DA80B31-0ABA-42BC-9415-F542A833D8BD}.Release|Any CPU.ActiveCfg = Release|Any CPU
		{9DA80B31-0ABA-42BC-9415-F542A833D8BD}.Release|Any CPU.Build.0 = Release|Any CPU
		{7F045634-D62D-497E-9116-0849646E79D5}.Debug|Any CPU.ActiveCfg = Debug|Any CPU
		{7F045634-D62D-497E-9116-0849646E79D5}.Debug|Any CPU.Build.0 = Debug|Any CPU
		{7F045634-D62D-497E-9116-0849646E79D5}.Release|Any CPU.ActiveCfg = Release|Any CPU
		{7F045634-D62D-497E-9116-0849646E79D5}.Release|Any CPU.Build.0 = Release|Any CPU
	EndGlobalSection
	GlobalSection(SolutionProperties) = preSolution
		HideSolutionNode = FALSE
	EndGlobalSection
	GlobalSection(ExtensibilityGlobals) = postSolution
		SolutionGuid = {2E4774A1-424A-4C01-9D92-7117DF877B4C}
	EndGlobalSection
EndGlobal
